
Microsoft Visual Studio Solution File, Format Version 12.00
# Visual Studio Version 17
VisualStudioVersion = 17.4.33122.133
MinimumVisualStudioVersion = 10.0.40219.1
Project("{9A19103F-16F7-4668-BE54-9A1E7A4F7556}") = "ConversorBinarioRecargado", "ConversorBinarioRecargado\ConversorBinarioRecargado.csproj", "{69B82A12-3007-429B-BE4D-7E5781B62F30}"
EndProject
Project("{FAE04EC0-301F-11D3-BF4B-00C04F79EFBC}") = "Vista_Main", "Vista_Main\Vista_Main.csproj", "{1C122E27-0394-47CC-808A-0C6B9D56C4B9}"
EndProject
Global
	GlobalSection(SolutionConfigurationPlatforms) = preSolution
		Debug|Any CPU = Debug|Any CPU
		Release|Any CPU = Release|Any CPU
	EndGlobalSection
	GlobalSection(ProjectConfigurationPlatforms) = postSolution
		{69B82A12-3007-429B-BE4D-7E5781B62F30}.Debug|Any CPU.ActiveCfg = Debug|Any CPU
		{69B82A12-3007-429B-BE4D-7E5781B62F30}.Debug|Any CPU.Build.0 = Debug|Any CPU
		{69B82A12-3007-429B-BE4D-7E5781B62F30}.Release|Any CPU.ActiveCfg = Release|Any CPU
		{69B82A12-3007-429B-BE4D-7E5781B62F30}.Release|Any CPU.Build.0 = Release|Any CPU
		{1C122E27-0394-47CC-808A-0C6B9D56C4B9}.Debug|Any CPU.ActiveCfg = Debug|Any CPU
		{1C122E27-0394-47CC-808A-0C6B9D56C4B9}.Debug|Any CPU.Build.0 = Debug|Any CPU
		{1C122E27-0394-47CC-808A-0C6B9D56C4B9}.Release|Any CPU.ActiveCfg = Release|Any CPU
		{1C122E27-0394-47CC-808A-0C6B9D56C4B9}.Release|Any CPU.Build.0 = Release|Any CPU
	EndGlobalSection
	GlobalSection(SolutionProperties) = preSolution
		HideSolutionNode = FALSE
	EndGlobalSection
	GlobalSection(ExtensibilityGlobals) = postSolution
		SolutionGuid = {70BAA898-BB33-44AE-8FBC-6BE60BB0987D}
	EndGlobalSection
EndGlobal
