
Microsoft Visual Studio Solution File, Format Version 12.00
# Visual Studio Version 17
VisualStudioVersion = 17.5.33516.290
MinimumVisualStudioVersion = 10.0.40219.1
Project("{FAE04EC0-301F-11D3-BF4B-00C04F79EFBC}") = "Conversor_binario_recargado", "Conversor_binario_recargado\Conversor_binario_recargado.csproj", "{E6AC4DBF-573B-449A-8B92-A873C8366B62}"
EndProject
Project("{FAE04EC0-301F-11D3-BF4B-00C04F79EFBC}") = "Vista_Main", "Vista_Main\Vista_Main.csproj", "{E4E45762-C544-4DCE-A96D-05BCF45FD77D}"
EndProject
Global
	GlobalSection(SolutionConfigurationPlatforms) = preSolution
		Debug|Any CPU = Debug|Any CPU
		Release|Any CPU = Release|Any CPU
	EndGlobalSection
	GlobalSection(ProjectConfigurationPlatforms) = postSolution
		{E6AC4DBF-573B-449A-8B92-A873C8366B62}.Debug|Any CPU.ActiveCfg = Debug|Any CPU
		{E6AC4DBF-573B-449A-8B92-A873C8366B62}.Debug|Any CPU.Build.0 = Debug|Any CPU
		{E6AC4DBF-573B-449A-8B92-A873C8366B62}.Release|Any CPU.ActiveCfg = Release|Any CPU
		{E6AC4DBF-573B-449A-8B92-A873C8366B62}.Release|Any CPU.Build.0 = Release|Any CPU
		{E4E45762-C544-4DCE-A96D-05BCF45FD77D}.Debug|Any CPU.ActiveCfg = Debug|Any CPU
		{E4E45762-C544-4DCE-A96D-05BCF45FD77D}.Debug|Any CPU.Build.0 = Debug|Any CPU
		{E4E45762-C544-4DCE-A96D-05BCF45FD77D}.Release|Any CPU.ActiveCfg = Release|Any CPU
		{E4E45762-C544-4DCE-A96D-05BCF45FD77D}.Release|Any CPU.Build.0 = Release|Any CPU
	EndGlobalSection
	GlobalSection(SolutionProperties) = preSolution
		HideSolutionNode = FALSE
	EndGlobalSection
	GlobalSection(ExtensibilityGlobals) = postSolution
		SolutionGuid = {1A50DF61-8681-465D-9062-425D9175F6B6}
	EndGlobalSection
EndGlobal
