
Microsoft Visual Studio Solution File, Format Version 12.00
# Visual Studio Version 17
VisualStudioVersion = 17.4.33122.133
MinimumVisualStudioVersion = 10.0.40219.1
Project("{FAE04EC0-301F-11D3-BF4B-00C04F79EFBC}") = "Pestamo-biblio", "Pestamo-biblio\Pestamo-biblio.csproj", "{CB5F543E-1574-44A9-98C6-42D4CE0DCB3F}"
EndProject
Project("{FAE04EC0-301F-11D3-BF4B-00C04F79EFBC}") = "Cuenta-consola", "Cuenta-consola\Cuenta-consola.csproj", "{E3DAC34D-D7EB-44DB-9E05-5F2F7590E130}"
EndProject
Global
	GlobalSection(SolutionConfigurationPlatforms) = preSolution
		Debug|Any CPU = Debug|Any CPU
		Release|Any CPU = Release|Any CPU
	EndGlobalSection
	GlobalSection(ProjectConfigurationPlatforms) = postSolution
		{CB5F543E-1574-44A9-98C6-42D4CE0DCB3F}.Debug|Any CPU.ActiveCfg = Debug|Any CPU
		{CB5F543E-1574-44A9-98C6-42D4CE0DCB3F}.Debug|Any CPU.Build.0 = Debug|Any CPU
		{CB5F543E-1574-44A9-98C6-42D4CE0DCB3F}.Release|Any CPU.ActiveCfg = Release|Any CPU
		{CB5F543E-1574-44A9-98C6-42D4CE0DCB3F}.Release|Any CPU.Build.0 = Release|Any CPU
		{E3DAC34D-D7EB-44DB-9E05-5F2F7590E130}.Debug|Any CPU.ActiveCfg = Debug|Any CPU
		{E3DAC34D-D7EB-44DB-9E05-5F2F7590E130}.Debug|Any CPU.Build.0 = Debug|Any CPU
		{E3DAC34D-D7EB-44DB-9E05-5F2F7590E130}.Release|Any CPU.ActiveCfg = Release|Any CPU
		{E3DAC34D-D7EB-44DB-9E05-5F2F7590E130}.Release|Any CPU.Build.0 = Release|Any CPU
	EndGlobalSection
	GlobalSection(SolutionProperties) = preSolution
		HideSolutionNode = FALSE
	EndGlobalSection
	GlobalSection(ExtensibilityGlobals) = postSolution
		SolutionGuid = {A0FD6E14-C47E-4994-8B86-F14A442F6048}
	EndGlobalSection
EndGlobal
