
Microsoft Visual Studio Solution File, Format Version 12.00
# Visual Studio Version 17
VisualStudioVersion = 17.4.33122.133
MinimumVisualStudioVersion = 10.0.40219.1
Project("{FAE04EC0-301F-11D3-BF4B-00C04F79EFBC}") = "Primavera-biblio", "Primavera-biblio\Primavera-biblio.csproj", "{83EB68C0-E509-484F-959C-D6884C71010E}"
EndProject
Project("{FAE04EC0-301F-11D3-BF4B-00C04F79EFBC}") = "Primavera-consola", "Primavera-consola\Primavera-consola.csproj", "{8FF2F8A5-ACD3-4D99-9C39-931DD2195DAC}"
EndProject
Global
	GlobalSection(SolutionConfigurationPlatforms) = preSolution
		Debug|Any CPU = Debug|Any CPU
		Release|Any CPU = Release|Any CPU
	EndGlobalSection
	GlobalSection(ProjectConfigurationPlatforms) = postSolution
		{83EB68C0-E509-484F-959C-D6884C71010E}.Debug|Any CPU.ActiveCfg = Debug|Any CPU
		{83EB68C0-E509-484F-959C-D6884C71010E}.Debug|Any CPU.Build.0 = Debug|Any CPU
		{83EB68C0-E509-484F-959C-D6884C71010E}.Release|Any CPU.ActiveCfg = Release|Any CPU
		{83EB68C0-E509-484F-959C-D6884C71010E}.Release|Any CPU.Build.0 = Release|Any CPU
		{8FF2F8A5-ACD3-4D99-9C39-931DD2195DAC}.Debug|Any CPU.ActiveCfg = Debug|Any CPU
		{8FF2F8A5-ACD3-4D99-9C39-931DD2195DAC}.Debug|Any CPU.Build.0 = Debug|Any CPU
		{8FF2F8A5-ACD3-4D99-9C39-931DD2195DAC}.Release|Any CPU.ActiveCfg = Release|Any CPU
		{8FF2F8A5-ACD3-4D99-9C39-931DD2195DAC}.Release|Any CPU.Build.0 = Release|Any CPU
	EndGlobalSection
	GlobalSection(SolutionProperties) = preSolution
		HideSolutionNode = FALSE
	EndGlobalSection
	GlobalSection(ExtensibilityGlobals) = postSolution
		SolutionGuid = {258B6FD8-C070-490C-BFA2-85A966778A9C}
	EndGlobalSection
EndGlobal
